
Microsoft Visual Studio Solution File, Format Version 12.00
# Visual Studio Version 16
VisualStudioVersion = 16.0.29905.134
MinimumVisualStudioVersion = 10.0.40219.1
Project("{9A19103F-16F7-4668-BE54-9A1E7A4F7556}") = "GestionProduitPanier_AspNET", "..\GestionProduitPanier_AspNET\GestionProduitPanier_AspNET.csproj", "{C951AB70-6794-4CE8-85FE-2B228576464B}"
EndProject
Global
	GlobalSection(SolutionConfigurationPlatforms) = preSolution
		Debug|Any CPU = Debug|Any CPU
		Release|Any CPU = Release|Any CPU
	EndGlobalSection
	GlobalSection(ProjectConfigurationPlatforms) = postSolution
		{C951AB70-6794-4CE8-85FE-2B228576464B}.Debug|Any CPU.ActiveCfg = Debug|Any CPU
		{C951AB70-6794-4CE8-85FE-2B228576464B}.Debug|Any CPU.Build.0 = Debug|Any CPU
		{C951AB70-6794-4CE8-85FE-2B228576464B}.Release|Any CPU.ActiveCfg = Release|Any CPU
		{C951AB70-6794-4CE8-85FE-2B228576464B}.Release|Any CPU.Build.0 = Release|Any CPU
	EndGlobalSection
	GlobalSection(SolutionProperties) = preSolution
		HideSolutionNode = FALSE
	EndGlobalSection
	GlobalSection(ExtensibilityGlobals) = postSolution
		SolutionGuid = {FFEEA63E-716B-4D27-9DB8-9A83170F041D}
	EndGlobalSection
EndGlobal
